<?xml version="1.0" encoding="utf-8"?>
<Project ToolsVersion="4.0" xmlns="http://schemas.microsoft.com/developer/msbuild/2003">
  <ItemGroup>
    <Filter Include="Source Files">
      <UniqueIdentifier>{4FC737F1-C7A5-4376-A066-2A32D752A2FF}</UniqueIdentifier>
      <Extensions>cpp;c;cc;cxx;def;odl;idl;hpj;bat;asm;asmx</Extensions>
    </Filter>
    <Filter Include="Header Files">
      <UniqueIdentifier>{93995380-89BD-4b04-88EB-625FBE52EBFB}</UniqueIdentifier>
      <Extensions>h;hh;hpp;hxx;hm;inl;inc;xsd</Extensions>
    </Filter>
    <Filter Include="Resource Files">
      <UniqueIdentifier>{67DA6AB6-F800-4c08-8B7A-83BB121AAD01}</UniqueIdentifier>
      <Extensions>rc;ico;cur;bmp;dlg;rc2;rct;bin;rgs;gif;jpg;jpeg;jpe;resx;tiff;tif;png;wav;mfcribbon-ms</Extensions>
    </Filter>
    <Filter Include="Header Files\PKU ACM">
      <UniqueIdentifier>{fc315fb4-50e9-4e5b-8c42-48e5910f63f7}</UniqueIdentifier>
    </Filter>
    <Filter Include="Header Files\ADT">
      <UniqueIdentifier>{0c52e74e-b737-4f71-a1ca-3fc1ee02260e}</UniqueIdentifier>
    </Filter>
    <Filter Include="Header Files\Judge_Online">
      <UniqueIdentifier>{8127b75e-e635-4779-8c9f-4a6f119fe03b}</UniqueIdentifier>
    </Filter>
    <Filter Include="Header Files\Leetcode">
      <UniqueIdentifier>{ac7a03f0-2e5a-497f-b21e-3d48577e4a2f}</UniqueIdentifier>
    </Filter>
  </ItemGroup>
  <ItemGroup>
    <ClInclude Include="Sort.h">
      <Filter>Header Files</Filter>
    </ClInclude>
    <ClInclude Include="Search.h">
      <Filter>Header Files</Filter>
    </ClInclude>
    <ClInclude Include="Time.h">
      <Filter>Header Files</Filter>
    </ClInclude>
    <ClInclude Include="BasicAlgorithm.h">
      <Filter>Header Files</Filter>
    </ClInclude>
    <ClInclude Include="Array.h">
      <Filter>Header Files</Filter>
    </ClInclude>
    <ClInclude Include="1-100.h">
      <Filter>Header Files\PKU ACM</Filter>
    </ClInclude>
    <ClInclude Include="Test.h">
      <Filter>Header Files</Filter>
    </ClInclude>
    <ClInclude Include="LinkList.h">
      <Filter>Header Files\ADT</Filter>
    </ClInclude>
    <ClInclude Include="Stack.h">
      <Filter>Header Files\ADT</Filter>
    </ClInclude>
    <ClInclude Include="1_100.h">
      <Filter>Header Files\Judge_Online</Filter>
    </ClInclude>
    <ClInclude Include="1-30.h">
      <Filter>Header Files\Leetcode</Filter>
    </ClInclude>
  </ItemGroup>
  <ItemGroup>
    <ClCompile Include="Main.cpp">
      <Filter>Source Files</Filter>
    </ClCompile>
  </ItemGroup>
</Project>